
Microsoft Visual Studio Solution File, Format Version 12.00
# Visual Studio Version 17
VisualStudioVersion = 17.7.34202.233
MinimumVisualStudioVersion = 10.0.40219.1
Project("{FAE04EC0-301F-11D3-BF4B-00C04F79EFBC}") = "OCRScanner", "OCRScanner\OCRScanner.csproj", "{5FE69673-2652-40D7-A940-64BF613153EB}"
EndProject
Global
	GlobalSection(SolutionConfigurationPlatforms) = preSolution
		Debug|Any CPU = Debug|Any CPU
		Release|Any CPU = Release|Any CPU
	EndGlobalSection
	GlobalSection(ProjectConfigurationPlatforms) = postSolution
		{5FE69673-2652-40D7-A940-64BF613153EB}.Debug|Any CPU.ActiveCfg = Debug|Any CPU
		{5FE69673-2652-40D7-A940-64BF613153EB}.Debug|Any CPU.Build.0 = Debug|Any CPU
		{5FE69673-2652-40D7-A940-64BF613153EB}.Release|Any CPU.ActiveCfg = Release|Any CPU
		{5FE69673-2652-40D7-A940-64BF613153EB}.Release|Any CPU.Build.0 = Release|Any CPU
	EndGlobalSection
	GlobalSection(SolutionProperties) = preSolution
		HideSolutionNode = FALSE
	EndGlobalSection
	GlobalSection(ExtensibilityGlobals) = postSolution
		SolutionGuid = {6076470F-D0CB-465F-9CC1-F22D85CE8687}
	EndGlobalSection
EndGlobal
